
Microsoft Visual Studio Solution File, Format Version 12.00
# Visual Studio Version 17
VisualStudioVersion = 17.0.31903.59
MinimumVisualStudioVersion = 10.0.40219.1
Project("{FAE04EC0-301F-11D3-BF4B-00C04F79EFBC}") = "zcode", "zcode\zcode.csproj", "{BA47673E-41EF-4FE9-8B88-C27B154E09F4}"
EndProject
Project("{FAE04EC0-301F-11D3-BF4B-00C04F79EFBC}") = "zcode-test", "zcode-test\zcode-test.csproj", "{1B3A4423-BDBD-44F6-BE4F-C73535F5210F}"
EndProject
Global
	GlobalSection(SolutionConfigurationPlatforms) = preSolution
		Debug|Any CPU = Debug|Any CPU
		Release|Any CPU = Release|Any CPU
	EndGlobalSection
	GlobalSection(SolutionProperties) = preSolution
		HideSolutionNode = FALSE
	EndGlobalSection
	GlobalSection(ProjectConfigurationPlatforms) = postSolution
		{BA47673E-41EF-4FE9-8B88-C27B154E09F4}.Debug|Any CPU.ActiveCfg = Debug|Any CPU
		{BA47673E-41EF-4FE9-8B88-C27B154E09F4}.Debug|Any CPU.Build.0 = Debug|Any CPU
		{BA47673E-41EF-4FE9-8B88-C27B154E09F4}.Release|Any CPU.ActiveCfg = Release|Any CPU
		{BA47673E-41EF-4FE9-8B88-C27B154E09F4}.Release|Any CPU.Build.0 = Release|Any CPU
		{1B3A4423-BDBD-44F6-BE4F-C73535F5210F}.Debug|Any CPU.ActiveCfg = Debug|Any CPU
		{1B3A4423-BDBD-44F6-BE4F-C73535F5210F}.Debug|Any CPU.Build.0 = Debug|Any CPU
		{1B3A4423-BDBD-44F6-BE4F-C73535F5210F}.Release|Any CPU.ActiveCfg = Release|Any CPU
		{1B3A4423-BDBD-44F6-BE4F-C73535F5210F}.Release|Any CPU.Build.0 = Release|Any CPU
	EndGlobalSection
EndGlobal
